
Microsoft Visual Studio Solution File, Format Version 12.00
# Visual Studio 2015
Project("{FAE04EC0-301F-11D3-BF4B-00C04F79EFBC}") = "TeamCrew.CSharp.Plugins", "TeamCrew.CSharp.Plugins.csproj", "{7C8EB992-FFB4-59E7-62EC-66EC976CEEAF}"
EndProject
Project("{FAE04EC0-301F-11D3-BF4B-00C04F79EFBC}") = "TeamCrew.CSharp", "TeamCrew.CSharp.csproj", "{5092A331-70C8-BC2A-3FCA-5E25F4DE155D}"
EndProject
Project("{FAE04EC0-301F-11D3-BF4B-00C04F79EFBC}") = "TeamCrew.CSharp.Editor", "TeamCrew.CSharp.Editor.csproj", "{B19C6557-4AB7-C5CD-9A63-304A07C20B49}"
EndProject
Global
	GlobalSection(SolutionConfigurationPlatforms) = preSolution
		Debug|Any CPU = Debug|Any CPU
		Release|Any CPU = Release|Any CPU
	EndGlobalSection
	GlobalSection(ProjectConfigurationPlatforms) = postSolution
		{7C8EB992-FFB4-59E7-62EC-66EC976CEEAF}.Debug|Any CPU.ActiveCfg = Debug|Any CPU
		{7C8EB992-FFB4-59E7-62EC-66EC976CEEAF}.Debug|Any CPU.Build.0 = Debug|Any CPU
		{7C8EB992-FFB4-59E7-62EC-66EC976CEEAF}.Release|Any CPU.ActiveCfg = Release|Any CPU
		{7C8EB992-FFB4-59E7-62EC-66EC976CEEAF}.Release|Any CPU.Build.0 = Release|Any CPU
		{5092A331-70C8-BC2A-3FCA-5E25F4DE155D}.Debug|Any CPU.ActiveCfg = Debug|Any CPU
		{5092A331-70C8-BC2A-3FCA-5E25F4DE155D}.Debug|Any CPU.Build.0 = Debug|Any CPU
		{5092A331-70C8-BC2A-3FCA-5E25F4DE155D}.Release|Any CPU.ActiveCfg = Release|Any CPU
		{5092A331-70C8-BC2A-3FCA-5E25F4DE155D}.Release|Any CPU.Build.0 = Release|Any CPU
		{B19C6557-4AB7-C5CD-9A63-304A07C20B49}.Debug|Any CPU.ActiveCfg = Debug|Any CPU
		{B19C6557-4AB7-C5CD-9A63-304A07C20B49}.Debug|Any CPU.Build.0 = Debug|Any CPU
		{B19C6557-4AB7-C5CD-9A63-304A07C20B49}.Release|Any CPU.ActiveCfg = Release|Any CPU
		{B19C6557-4AB7-C5CD-9A63-304A07C20B49}.Release|Any CPU.Build.0 = Release|Any CPU
	EndGlobalSection
	GlobalSection(SolutionProperties) = preSolution
		HideSolutionNode = FALSE
	EndGlobalSection
EndGlobal
