Microsoft Visual Studio Solution File, Format Version 11.00
# Visual Studio 2008

Project("{2EAE53B8-4DAD-E012-BDA6-8E0190C63E6C}") = "TeamCrew", "Assembly-CSharp-vs.csproj", "{0681CAA4-148D-4441-0657-2C6A6F9C3B61}"
EndProject
Global
	GlobalSection(SolutionConfigurationPlatforms) = preSolution
		Debug|Any CPU = Debug|Any CPU
		Release|Any CPU = Release|Any CPU
	EndGlobalSection
	GlobalSection(ProjectConfigurationPlatforms) = postSolution
		{0681CAA4-148D-4441-0657-2C6A6F9C3B61}.Debug|Any CPU.ActiveCfg = Debug|Any CPU
		{0681CAA4-148D-4441-0657-2C6A6F9C3B61}.Debug|Any CPU.Build.0 = Debug|Any CPU
		{0681CAA4-148D-4441-0657-2C6A6F9C3B61}.Release|Any CPU.ActiveCfg = Release|Any CPU
		{0681CAA4-148D-4441-0657-2C6A6F9C3B61}.Release|Any CPU.Build.0 = Release|Any CPU
	EndGlobalSection
	GlobalSection(SolutionProperties) = preSolution
		HideSolutionNode = FALSE
	EndGlobalSection
																																																																																																																																																																																GlobalSection(MonoDevelopProperties) = preSolution
=======
															GlobalSection(MonoDevelopProperties) = preSolution
=======
																											GlobalSection(MonoDevelopProperties) = preSolution
=======
													GlobalSection(MonoDevelopProperties) = preSolution
>>>>>>> a33cc43b36c18a8fac99a7261a1e7a12b25618ed
>>>>>>> 0ba5ebaf96283f99a3e6979b622f1e2bf36e14f1
=======
			GlobalSection(MonoDevelopProperties) = preSolution
>>>>>>> 5314efba83f159a984ffc08a075fa2c9a1152063
>>>>>>> fb67b71ee7afd4cf491516242e335bd0452573ab
		StartupItem = Assembly-CSharp.csproj
		Policies = $0
		$0.TextStylePolicy = $1
		$1.inheritsSet = null
		$1.scope = text/x-csharp
		$0.CSharpFormattingPolicy = $2
		$2.inheritsSet = Mono
		$2.inheritsScope = text/x-csharp
		$2.scope = text/x-csharp
		$0.TextStylePolicy = $3
		$3.FileWidth = 120
		$3.TabWidth = 4
		$3.IndentWidth = 4
		$3.EolMarker = Unix
		$3.inheritsSet = Mono
		$3.inheritsScope = text/plain
		$3.scope = text/plain
	EndGlobalSection

EndGlobal
